{
  "lib/ds-test": {
    "rev": "e282159d5170298eb2455a6c05280ab5a73a4ef0"
  },
  "lib/forge-std": {
    "rev": "3b20d60d14b343ee4f908cb8079495c07f5e8981"
  },
  "lib/openzeppelin-contracts-upgradeable": {
    "rev": "e725abddf1e01cf05ace496e950fc8e243cc7cab"
  },
  "lib/openzeppelin-foundry-upgrades": {
    "rev": "cbce1e00305e943aa1661d43f41e5ac72c662b07"
  }
}